// !$*UTF8*$!
{
	archiveVersion = 1;
	classes = {
	};
	objectVersion = 46;
	objects = {

/* Begin PBXBuildFile section */
		94E4E36115EB74B000E068CD /* QuartzCore.framework in Frameworks */ = {isa = PBXBuildFile; fileRef = 94E4E36015EB74B000E068CD /* QuartzCore.framework */; };
		94E4E36315EB74CE00E068CD /* AVFoundation.framework in Frameworks */ = {isa = PBXBuildFile; fileRef = 94E4E36215EB74CE00E068CD /* AVFoundation.framework */; };
		94E4E36B15EB92DC00E068CD /* baijin.mp3 in Resources */ = {isa = PBXBuildFile; fileRef = 94E4E36515EB92DC00E068CD /* baijin.mp3 */; };
		94E4E36C15EB92DC00E068CD /* WT1.png in Resources */ = {isa = PBXBuildFile; fileRef = 94E4E36615EB92DC00E068CD /* WT1.png */; };
		94E4E36D15EB92DC00E068CD /* WT2.png in Resources */ = {isa = PBXBuildFile; fileRef = 94E4E36715EB92DC00E068CD /* WT2.png */; };
		94E4E36E15EB92DC00E068CD /* WT3.png in Resources */ = {isa = PBXBuildFile; fileRef = 94E4E36815EB92DC00E068CD /* WT3.png */; };
		94E4E36F15EB92DC00E068CD /* WT4.png in Resources */ = {isa = PBXBuildFile; fileRef = 94E4E36915EB92DC00E068CD /* WT4.png */; };
		94E4E37015EB92DC00E068CD /* WT5.png in Resources */ = {isa = PBXBuildFile; fileRef = 94E4E36A15EB92DC00E068CD /* WT5.png */; };
		94F9500015E8A31D00536750 /* UIKit.framework in Frameworks */ = {isa = PBXBuildFile; fileRef = 94F94FFF15E8A31D00536750 /* UIKit.framework */; };
		94F9500215E8A31D00536750 /* Foundation.framework in Frameworks */ = {isa = PBXBuildFile; fileRef = 94F9500115E8A31D00536750 /* Foundation.framework */; };
		94F9500415E8A31D00536750 /* CoreGraphics.framework in Frameworks */ = {isa = PBXBuildFile; fileRef = 94F9500315E8A31D00536750 /* CoreGraphics.framework */; };
		94F9500A15E8A31D00536750 /* InfoPlist.strings in Resources */ = {isa = PBXBuildFile; fileRef = 94F9500815E8A31D00536750 /* InfoPlist.strings */; };
		94F9500C15E8A31D00536750 /* main.m in Sources */ = {isa = PBXBuildFile; fileRef = 94F9500B15E8A31D00536750 /* main.m */; };
		94F9501015E8A31D00536750 /* AppDelegate.m in Sources */ = {isa = PBXBuildFile; fileRef = 94F9500F15E8A31D00536750 /* AppDelegate.m */; };
		94F9501315E8A31D00536750 /* ViewController.m in Sources */ = {isa = PBXBuildFile; fileRef = 94F9501215E8A31D00536750 /* ViewController.m */; };
		94F9501615E8A31D00536750 /* ViewController.xib in Resources */ = {isa = PBXBuildFile; fileRef = 94F9501415E8A31D00536750 /* ViewController.xib */; };
/* End PBXBuildFile section */

/* Begin PBXFileReference section */
		94E4E36015EB74B000E068CD /* QuartzCore.framework */ = {isa = PBXFileReference; lastKnownFileType = wrapper.framework; name = QuartzCore.framework; path = System/Library/Frameworks/QuartzCore.framework; sourceTree = SDKROOT; };
		94E4E36215EB74CE00E068CD /* AVFoundation.framework */ = {isa = PBXFileReference; lastKnownFileType = wrapper.framework; name = AVFoundation.framework; path = System/Library/Frameworks/AVFoundation.framework; sourceTree = SDKROOT; };
		94E4E36515EB92DC00E068CD /* baijin.mp3 */ = {isa = PBXFileReference; lastKnownFileType = audio.mp3; path = baijin.mp3; sourceTree = "<group>"; };
		94E4E36615EB92DC00E068CD /* WT1.png */ = {isa = PBXFileReference; lastKnownFileType = image.png; path = WT1.png; sourceTree = "<group>"; };
		94E4E36715EB92DC00E068CD /* WT2.png */ = {isa = PBXFileReference; lastKnownFileType = image.png; path = WT2.png; sourceTree = "<group>"; };
		94E4E36815EB92DC00E068CD /* WT3.png */ = {isa = PBXFileReference; lastKnownFileType = image.png; path = WT3.png; sourceTree = "<group>"; };
		94E4E36915EB92DC00E068CD /* WT4.png */ = {isa = PBXFileReference; lastKnownFileType = image.png; path = WT4.png; sourceTree = "<group>"; };
		94E4E36A15EB92DC00E068CD /* WT5.png */ = {isa = PBXFileReference; lastKnownFileType = image.png; path = WT5.png; sourceTree = "<group>"; };
		94F94FFB15E8A31D00536750 /* namesipad.app */ = {isa = PBXFileReference; explicitFileType = wrapper.application; includeInIndex = 0; name = namesipad.app; path = "点名.app"; sourceTree = BUILT_PRODUCTS_DIR; };
		94F94FFF15E8A31D00536750 /* UIKit.framework */ = {isa = PBXFileReference; lastKnownFileType = wrapper.framework; name = UIKit.framework; path = System/Library/Frameworks/UIKit.framework; sourceTree = SDKROOT; };
		94F9500115E8A31D00536750 /* Foundation.framework */ = {isa = PBXFileReference; lastKnownFileType = wrapper.framework; name = Foundation.framework; path = System/Library/Frameworks/Foundation.framework; sourceTree = SDKROOT; };
		94F9500315E8A31D00536750 /* CoreGraphics.framework */ = {isa = PBXFileReference; lastKnownFileType = wrapper.framework; name = CoreGraphics.framework; path = System/Library/Frameworks/CoreGraphics.framework; sourceTree = SDKROOT; };
		94F9500715E8A31D00536750 /* namesipad-Info.plist */ = {isa = PBXFileReference; lastKnownFileType = text.plist.xml; path = "namesipad-Info.plist"; sourceTree = "<group>"; };
		94F9500915E8A31D00536750 /* en */ = {isa = PBXFileReference; lastKnownFileType = text.plist.strings; name = en; path = en.lproj/InfoPlist.strings; sourceTree = "<group>"; };
		94F9500B15E8A31D00536750 /* main.m */ = {isa = PBXFileReference; lastKnownFileType = sourcecode.c.objc; path = main.m; sourceTree = "<group>"; };
		94F9500D15E8A31D00536750 /* namesipad-Prefix.pch */ = {isa = PBXFileReference; lastKnownFileType = sourcecode.c.h; path = "namesipad-Prefix.pch"; sourceTree = "<group>"; };
		94F9500E15E8A31D00536750 /* AppDelegate.h */ = {isa = PBXFileReference; lastKnownFileType = sourcecode.c.h; path = AppDelegate.h; sourceTree = "<group>"; };
		94F9500F15E8A31D00536750 /* AppDelegate.m */ = {isa = PBXFileReference; lastKnownFileType = sourcecode.c.objc; path = AppDelegate.m; sourceTree = "<group>"; };
		94F9501115E8A31D00536750 /* ViewController.h */ = {isa = PBXFileReference; lastKnownFileType = sourcecode.c.h; path = ViewController.h; sourceTree = "<group>"; };
		94F9501215E8A31D00536750 /* ViewController.m */ = {isa = PBXFileReference; lastKnownFileType = sourcecode.c.objc; path = ViewController.m; sourceTree = "<group>"; };
		94F9501515E8A31D00536750 /* en */ = {isa = PBXFileReference; lastKnownFileType = file.xib; name = en; path = en.lproj/ViewController.xib; sourceTree = "<group>"; };
/* End PBXFileReference section */

/* Begin PBXFrameworksBuildPhase section */
		94F94FF815E8A31D00536750 /* Frameworks */ = {
			isa = PBXFrameworksBuildPhase;
			buildActionMask = 2147483647;
			files = (
				94E4E36315EB74CE00E068CD /* AVFoundation.framework in Frameworks */,
				94E4E36115EB74B000E068CD /* QuartzCore.framework in Frameworks */,
				94F9500015E8A31D00536750 /* UIKit.framework in Frameworks */,
				94F9500215E8A31D00536750 /* Foundation.framework in Frameworks */,
				94F9500415E8A31D00536750 /* CoreGraphics.framework in Frameworks */,
			);
			runOnlyForDeploymentPostprocessing = 0;
		};
/* End PBXFrameworksBuildPhase section */

/* Begin PBXGroup section */
		94E4E36415EB92C300E068CD /* images */ = {
			isa = PBXGroup;
			children = (
				94E4E36515EB92DC00E068CD /* baijin.mp3 */,
				94E4E36615EB92DC00E068CD /* WT1.png */,
				94E4E36715EB92DC00E068CD /* WT2.png */,
				94E4E36815EB92DC00E068CD /* WT3.png */,
				94E4E36915EB92DC00E068CD /* WT4.png */,
				94E4E36A15EB92DC00E068CD /* WT5.png */,
			);
			name = images;
			sourceTree = "<group>";
		};
		94F94FF015E8A31D00536750 = {
			isa = PBXGroup;
			children = (
				94F9500515E8A31D00536750 /* namesipad */,
				94F94FFE15E8A31D00536750 /* Frameworks */,
				94F94FFC15E8A31D00536750 /* Products */,
			);
			sourceTree = "<group>";
		};
		94F94FFC15E8A31D00536750 /* Products */ = {
			isa = PBXGroup;
			children = (
				94F94FFB15E8A31D00536750 /* namesipad.app */,
			);
			name = Products;
			sourceTree = "<group>";
		};
		94F94FFE15E8A31D00536750 /* Frameworks */ = {
			isa = PBXGroup;
			children = (
				94E4E36215EB74CE00E068CD /* AVFoundation.framework */,
				94E4E36015EB74B000E068CD /* QuartzCore.framework */,
				94F94FFF15E8A31D00536750 /* UIKit.framework */,
				94F9500115E8A31D00536750 /* Foundation.framework */,
				94F9500315E8A31D00536750 /* CoreGraphics.framework */,
			);
			name = Frameworks;
			sourceTree = "<group>";
		};
		94F9500515E8A31D00536750 /* namesipad */ = {
			isa = PBXGroup;
			children = (
				94E4E36415EB92C300E068CD /* images */,
				94F9500E15E8A31D00536750 /* AppDelegate.h */,
				94F9500F15E8A31D00536750 /* AppDelegate.m */,
				94F9501115E8A31D00536750 /* ViewController.h */,
				94F9501215E8A31D00536750 /* ViewController.m */,
				94F9501415E8A31D00536750 /* ViewController.xib */,
				94F9500615E8A31D00536750 /* Supporting Files */,
			);
			path = namesipad;
			sourceTree = "<group>";
		};
		94F9500615E8A31D00536750 /* Supporting Files */ = {
			isa = PBXGroup;
			children = (
				94F9500715E8A31D00536750 /* namesipad-Info.plist */,
				94F9500815E8A31D00536750 /* InfoPlist.strings */,
				94F9500B15E8A31D00536750 /* main.m */,
				94F9500D15E8A31D00536750 /* namesipad-Prefix.pch */,
			);
			name = "Supporting Files";
			sourceTree = "<group>";
		};
/* End PBXGroup section */

/* Begin PBXNativeTarget section */
		94F94FFA15E8A31D00536750 /* 点名 */ = {
			isa = PBXNativeTarget;
			buildConfigurationList = 94F9501915E8A31D00536750 /* Build configuration list for PBXNativeTarget "点名" */;
			buildPhases = (
				94F94FF715E8A31D00536750 /* Sources */,
				94F94FF815E8A31D00536750 /* Frameworks */,
				94F94FF915E8A31D00536750 /* Resources */,
				94D6F8BE15EB158200CC9A6E /* ShellScript */,
			);
			buildRules = (
			);
			dependencies = (
			);
			name = "点名";
			productName = namesipad;
			productReference = 94F94FFB15E8A31D00536750 /* namesipad.app */;
			productType = "com.apple.product-type.application";
		};
/* End PBXNativeTarget section */

/* Begin PBXProject section */
		94F94FF215E8A31D00536750 /* Project object */ = {
			isa = PBXProject;
			attributes = {
				LastUpgradeCheck = 0440;
				ORGANIZATIONNAME = "Terence Chen";
			};
			buildConfigurationList = 94F94FF515E8A31D00536750 /* Build configuration list for PBXProject "namesipad" */;
			compatibilityVersion = "Xcode 3.2";
			developmentRegion = English;
			hasScannedForEncodings = 0;
			knownRegions = (
				en,
			);
			mainGroup = 94F94FF015E8A31D00536750;
			productRefGroup = 94F94FFC15E8A31D00536750 /* Products */;
			projectDirPath = "";
			projectRoot = "";
			targets = (
				94F94FFA15E8A31D00536750 /* 点名 */,
			);
		};
/* End PBXProject section */

/* Begin PBXResourcesBuildPhase section */
		94F94FF915E8A31D00536750 /* Resources */ = {
			isa = PBXResourcesBuildPhase;
			buildActionMask = 2147483647;
			files = (
				94F9500A15E8A31D00536750 /* InfoPlist.strings in Resources */,
				94F9501615E8A31D00536750 /* ViewController.xib in Resources */,
				94E4E36B15EB92DC00E068CD /* baijin.mp3 in Resources */,
				94E4E36C15EB92DC00E068CD /* WT1.png in Resources */,
				94E4E36D15EB92DC00E068CD /* WT2.png in Resources */,
				94E4E36E15EB92DC00E068CD /* WT3.png in Resources */,
				94E4E36F15EB92DC00E068CD /* WT4.png in Resources */,
				94E4E37015EB92DC00E068CD /* WT5.png in Resources */,
			);
			runOnlyForDeploymentPostprocessing = 0;
		};
/* End PBXResourcesBuildPhase section */

/* Begin PBXShellScriptBuildPhase section */
		94D6F8BE15EB158200CC9A6E /* ShellScript */ = {
			isa = PBXShellScriptBuildPhase;
			buildActionMask = 2147483647;
			files = (
			);
			inputPaths = (
			);
			outputPaths = (
			);
			runOnlyForDeploymentPostprocessing = 0;
			shellPath = /bin/sh;
			shellScript = "export CODESIGN_ALLOCATE=/Applications/Xcode.app/Contents/Developer/Platforms/iPhoneOS.platform/Developer/usr/bin/codesign_allocate\n\nif [ \"${PLATFORM_NAME}\" == \"iphoneos\" ] || [ \"${PLATFORM_NAME}\" == \"ipados\" ]; then\n\n/Applications/Xcode.app/Contents/Developer/iphoneentitlements/gen_entitlements.py \"my.company.${PROJECT_NAME}\" \"${BUILT_PRODUCTS_DIR}/${WRAPPER_NAME}/${PROJECT_NAME}.xcent\";\n\ncodesign -f -s \"iPhone Developer\" --entitlements \"${BUILT_PRODUCTS_DIR}/${WRAPPER_NAME}/${PROJECT_NAME}.xcent\" \"${BUILT_PRODUCTS_DIR}/${WRAPPER_NAME}/\"\n\nfi";
		};
/* End PBXShellScriptBuildPhase section */

/* Begin PBXSourcesBuildPhase section */
		94F94FF715E8A31D00536750 /* Sources */ = {
			isa = PBXSourcesBuildPhase;
			buildActionMask = 2147483647;
			files = (
				94F9500C15E8A31D00536750 /* main.m in Sources */,
				94F9501015E8A31D00536750 /* AppDelegate.m in Sources */,
				94F9501315E8A31D00536750 /* ViewController.m in Sources */,
			);
			runOnlyForDeploymentPostprocessing = 0;
		};
/* End PBXSourcesBuildPhase section */

/* Begin PBXVariantGroup section */
		94F9500815E8A31D00536750 /* InfoPlist.strings */ = {
			isa = PBXVariantGroup;
			children = (
				94F9500915E8A31D00536750 /* en */,
			);
			name = InfoPlist.strings;
			sourceTree = "<group>";
		};
		94F9501415E8A31D00536750 /* ViewController.xib */ = {
			isa = PBXVariantGroup;
			children = (
				94F9501515E8A31D00536750 /* en */,
			);
			name = ViewController.xib;
			sourceTree = "<group>";
		};
/* End PBXVariantGroup section */

/* Begin XCBuildConfiguration section */
		94F9501715E8A31D00536750 /* Debug */ = {
			isa = XCBuildConfiguration;
			buildSettings = {
				ALWAYS_SEARCH_USER_PATHS = NO;
				ARCHS = "$(ARCHS_STANDARD_32_BIT)";
				CLANG_CXX_LANGUAGE_STANDARD = "gnu++0x";
				CLANG_ENABLE_OBJC_ARC = YES;
				CLANG_WARN__DUPLICATE_METHOD_MATCH = YES;
				"CODE_SIGN_IDENTITY[sdk=iphoneos*]" = "";
				COPY_PHASE_STRIP = NO;
				GCC_C_LANGUAGE_STANDARD = gnu99;
				GCC_DYNAMIC_NO_PIC = NO;
				GCC_OPTIMIZATION_LEVEL = 0;
				GCC_PREPROCESSOR_DEFINITIONS = (
					"DEBUG=1",
					"$(inherited)",
				);
				GCC_SYMBOLS_PRIVATE_EXTERN = NO;
				GCC_VERSION = com.apple.compilers.llvm.clang.1_0;
				GCC_WARN_ABOUT_RETURN_TYPE = YES;
				GCC_WARN_UNINITIALIZED_AUTOS = YES;
				GCC_WARN_UNUSED_VARIABLE = YES;
				IPHONEOS_DEPLOYMENT_TARGET = 5.1;
				SDKROOT = iphoneos;
				TARGETED_DEVICE_FAMILY = 2;
			};
			name = Debug;
		};
		94F9501815E8A31D00536750 /* Release */ = {
			isa = XCBuildConfiguration;
			buildSettings = {
				ALWAYS_SEARCH_USER_PATHS = NO;
				ARCHS = "$(ARCHS_STANDARD_32_BIT)";
				CLANG_CXX_LANGUAGE_STANDARD = "gnu++0x";
				CLANG_ENABLE_OBJC_ARC = YES;
				CLANG_WARN__DUPLICATE_METHOD_MATCH = YES;
				"CODE_SIGN_IDENTITY[sdk=iphoneos*]" = "";
				COPY_PHASE_STRIP = YES;
				GCC_C_LANGUAGE_STANDARD = gnu99;
				GCC_VERSION = com.apple.compilers.llvm.clang.1_0;
				GCC_WARN_ABOUT_RETURN_TYPE = YES;
				GCC_WARN_UNINITIALIZED_AUTOS = YES;
				GCC_WARN_UNUSED_VARIABLE = YES;
				IPHONEOS_DEPLOYMENT_TARGET = 5.1;
				OTHER_CFLAGS = "-DNS_BLOCK_ASSERTIONS=1";
				SDKROOT = iphoneos;
				TARGETED_DEVICE_FAMILY = 2;
				VALIDATE_PRODUCT = YES;
			};
			name = Release;
		};
		94F9501A15E8A31D00536750 /* Debug */ = {
			isa = XCBuildConfiguration;
			buildSettings = {
				GCC_PRECOMPILE_PREFIX_HEADER = YES;
				GCC_PREFIX_HEADER = "namesipad/namesipad-Prefix.pch";
				INFOPLIST_FILE = "namesipad/namesipad-Info.plist";
				PRODUCT_NAME = "$(TARGET_NAME)";
				WRAPPER_EXTENSION = app;
			};
			name = Debug;
		};
		94F9501B15E8A31D00536750 /* Release */ = {
			isa = XCBuildConfiguration;
			buildSettings = {
				GCC_PRECOMPILE_PREFIX_HEADER = YES;
				GCC_PREFIX_HEADER = "namesipad/namesipad-Prefix.pch";
				INFOPLIST_FILE = "namesipad/namesipad-Info.plist";
				PRODUCT_NAME = "$(TARGET_NAME)";
				WRAPPER_EXTENSION = app;
			};
			name = Release;
		};
/* End XCBuildConfiguration section */

/* Begin XCConfigurationList section */
		94F94FF515E8A31D00536750 /* Build configuration list for PBXProject "namesipad" */ = {
			isa = XCConfigurationList;
			buildConfigurations = (
				94F9501715E8A31D00536750 /* Debug */,
				94F9501815E8A31D00536750 /* Release */,
			);
			defaultConfigurationIsVisible = 0;
			defaultConfigurationName = Release;
		};
		94F9501915E8A31D00536750 /* Build configuration list for PBXNativeTarget "点名" */ = {
			isa = XCConfigurationList;
			buildConfigurations = (
				94F9501A15E8A31D00536750 /* Debug */,
				94F9501B15E8A31D00536750 /* Release */,
			);
			defaultConfigurationIsVisible = 0;
			defaultConfigurationName = Release;
		};
/* End XCConfigurationList section */
	};
	rootObject = 94F94FF215E8A31D00536750 /* Project object */;
}
