// !$*UTF8*$!
{
	archiveVersion = 1;
	classes = {
	};
	objectVersion = 46;
	objects = {

/* Begin PBXBuildFile section */
		94A6C4C115F84663000E132A /* UIKit.framework in Frameworks */ = {isa = PBXBuildFile; fileRef = 94A6C4C015F84663000E132A /* UIKit.framework */; };
		94A6C4C315F84663000E132A /* Foundation.framework in Frameworks */ = {isa = PBXBuildFile; fileRef = 94A6C4C215F84663000E132A /* Foundation.framework */; };
		94A6C4C515F84663000E132A /* CoreGraphics.framework in Frameworks */ = {isa = PBXBuildFile; fileRef = 94A6C4C415F84663000E132A /* CoreGraphics.framework */; };
		94A6C4CB15F84663000E132A /* InfoPlist.strings in Resources */ = {isa = PBXBuildFile; fileRef = 94A6C4C915F84663000E132A /* InfoPlist.strings */; };
		94A6C4CD15F84663000E132A /* main.m in Sources */ = {isa = PBXBuildFile; fileRef = 94A6C4CC15F84663000E132A /* main.m */; };
		94A6C4D115F84663000E132A /* AppDelegate.m in Sources */ = {isa = PBXBuildFile; fileRef = 94A6C4D015F84663000E132A /* AppDelegate.m */; };
		94A6C4DD15F846FB000E132A /* MainMenu.m in Sources */ = {isa = PBXBuildFile; fileRef = 94A6C4DC15F846FB000E132A /* MainMenu.m */; };
		94A6C4E015F84965000E132A /* kaishichouqian.png in Resources */ = {isa = PBXBuildFile; fileRef = 94A6C4DF15F84965000E132A /* kaishichouqian.png */; };
		94A6C4E215F84994000E132A /* chengxushezhi.png in Resources */ = {isa = PBXBuildFile; fileRef = 94A6C4E115F84994000E132A /* chengxushezhi.png */; };
		94A6C4E415F849F4000E132A /* shujukuguanli.png in Resources */ = {isa = PBXBuildFile; fileRef = 94A6C4E315F849F4000E132A /* shujukuguanli.png */; };
		94A6C4E615F84A16000E132A /* lishijiluguanli.png in Resources */ = {isa = PBXBuildFile; fileRef = 94A6C4E515F84A16000E132A /* lishijiluguanli.png */; };
		94A6C4E815F84A78000E132A /* guanyuyugengxin.png in Resources */ = {isa = PBXBuildFile; fileRef = 94A6C4E715F84A78000E132A /* guanyuyugengxin.png */; };
		94DF0E5015F8A2BB00B80AE2 /* CXC_BTN_H80_ORANGE.png in Resources */ = {isa = PBXBuildFile; fileRef = 94DF0E4E15F8A2BB00B80AE2 /* CXC_BTN_H80_ORANGE.png */; };
		94DF0E5115F8A2BB00B80AE2 /* CXC_BTN_H80_RED.png in Resources */ = {isa = PBXBuildFile; fileRef = 94DF0E4F15F8A2BB00B80AE2 /* CXC_BTN_H80_RED.png */; };
		94DF0E5415F8A57F00B80AE2 /* SettingMenu.m in Sources */ = {isa = PBXBuildFile; fileRef = 94DF0E5315F8A57F00B80AE2 /* SettingMenu.m */; };
		94DF0E5915F8AD6A00B80AE2 /* chouqusudu.png in Resources */ = {isa = PBXBuildFile; fileRef = 94DF0E5815F8AD6A00B80AE2 /* chouqusudu.png */; };
		94DF0E5B15F8ADB900B80AE2 /* beijingsudu.png in Resources */ = {isa = PBXBuildFile; fileRef = 94DF0E5A15F8ADB900B80AE2 /* beijingsudu.png */; };
		94DF0E5D15F8AE5A00B80AE2 /* huamianyangshi.png in Resources */ = {isa = PBXBuildFile; fileRef = 94DF0E5C15F8AE5A00B80AE2 /* huamianyangshi.png */; };
		94DF0E6C15F8BBCA00B80AE2 /* yiyouxiangmu.png in Resources */ = {isa = PBXBuildFile; fileRef = 94DF0E6B15F8BBCA00B80AE2 /* yiyouxiangmu.png */; };
		94DF0E6E15F8BCD600B80AE2 /* shiyongduoxiancheng.png in Resources */ = {isa = PBXBuildFile; fileRef = 94DF0E6D15F8BCD600B80AE2 /* shiyongduoxiancheng.png */; };
		94DF0E7015F8BD4700B80AE2 /* donghuaxingnengyouhua.png in Resources */ = {isa = PBXBuildFile; fileRef = 94DF0E6F15F8BD4700B80AE2 /* donghuaxingnengyouhua.png */; };
		94DF0E7215F8BE6700B80AE2 /* guanbi.png in Resources */ = {isa = PBXBuildFile; fileRef = 94DF0E7115F8BE6700B80AE2 /* guanbi.png */; };
		94DF0E7415F8BEAB00B80AE2 /* yinliang.png in Resources */ = {isa = PBXBuildFile; fileRef = 94DF0E7315F8BEAB00B80AE2 /* yinliang.png */; };
		94DF0E7615F8BEBE00B80AE2 /* yinyue.png in Resources */ = {isa = PBXBuildFile; fileRef = 94DF0E7515F8BEBE00B80AE2 /* yinyue.png */; };
		94DF0E7815F8BF4100B80AE2 /* morenyinyue.png in Resources */ = {isa = PBXBuildFile; fileRef = 94DF0E7715F8BF4100B80AE2 /* morenyinyue.png */; };
		94DF0E7A15F8BF8E00B80AE2 /* qishiweizhi.png in Resources */ = {isa = PBXBuildFile; fileRef = 94DF0E7915F8BF8E00B80AE2 /* qishiweizhi.png */; };
		94DF0E7C15F8C0FC00B80AE2 /* MB_0011_apple.png in Resources */ = {isa = PBXBuildFile; fileRef = 94DF0E7B15F8C0FC00B80AE2 /* MB_0011_apple.png */; };
/* End PBXBuildFile section */

/* Begin PBXFileReference section */
		94A6C4BC15F84662000E132A /* cxcnamesios.app */ = {isa = PBXFileReference; explicitFileType = wrapper.application; includeInIndex = 0; path = cxcnamesios.app; sourceTree = BUILT_PRODUCTS_DIR; };
		94A6C4C015F84663000E132A /* UIKit.framework */ = {isa = PBXFileReference; lastKnownFileType = wrapper.framework; name = UIKit.framework; path = System/Library/Frameworks/UIKit.framework; sourceTree = SDKROOT; };
		94A6C4C215F84663000E132A /* Foundation.framework */ = {isa = PBXFileReference; lastKnownFileType = wrapper.framework; name = Foundation.framework; path = System/Library/Frameworks/Foundation.framework; sourceTree = SDKROOT; };
		94A6C4C415F84663000E132A /* CoreGraphics.framework */ = {isa = PBXFileReference; lastKnownFileType = wrapper.framework; name = CoreGraphics.framework; path = System/Library/Frameworks/CoreGraphics.framework; sourceTree = SDKROOT; };
		94A6C4C815F84663000E132A /* cxcnamesios-Info.plist */ = {isa = PBXFileReference; lastKnownFileType = text.plist.xml; path = "cxcnamesios-Info.plist"; sourceTree = "<group>"; };
		94A6C4CA15F84663000E132A /* en */ = {isa = PBXFileReference; lastKnownFileType = text.plist.strings; name = en; path = en.lproj/InfoPlist.strings; sourceTree = "<group>"; };
		94A6C4CC15F84663000E132A /* main.m */ = {isa = PBXFileReference; lastKnownFileType = sourcecode.c.objc; path = main.m; sourceTree = "<group>"; };
		94A6C4CE15F84663000E132A /* cxcnamesios-Prefix.pch */ = {isa = PBXFileReference; lastKnownFileType = sourcecode.c.h; path = "cxcnamesios-Prefix.pch"; sourceTree = "<group>"; };
		94A6C4CF15F84663000E132A /* AppDelegate.h */ = {isa = PBXFileReference; lastKnownFileType = sourcecode.c.h; path = AppDelegate.h; sourceTree = "<group>"; };
		94A6C4D015F84663000E132A /* AppDelegate.m */ = {isa = PBXFileReference; lastKnownFileType = sourcecode.c.objc; path = AppDelegate.m; sourceTree = "<group>"; };
		94A6C4DC15F846FB000E132A /* MainMenu.m */ = {isa = PBXFileReference; fileEncoding = 4; lastKnownFileType = sourcecode.c.objc; path = MainMenu.m; sourceTree = "<group>"; };
		94A6C4DF15F84965000E132A /* kaishichouqian.png */ = {isa = PBXFileReference; lastKnownFileType = image.png; path = kaishichouqian.png; sourceTree = "<group>"; };
		94A6C4E115F84994000E132A /* chengxushezhi.png */ = {isa = PBXFileReference; lastKnownFileType = image.png; path = chengxushezhi.png; sourceTree = "<group>"; };
		94A6C4E315F849F4000E132A /* shujukuguanli.png */ = {isa = PBXFileReference; lastKnownFileType = image.png; path = shujukuguanli.png; sourceTree = "<group>"; };
		94A6C4E515F84A16000E132A /* lishijiluguanli.png */ = {isa = PBXFileReference; lastKnownFileType = image.png; path = lishijiluguanli.png; sourceTree = "<group>"; };
		94A6C4E715F84A78000E132A /* guanyuyugengxin.png */ = {isa = PBXFileReference; lastKnownFileType = image.png; path = guanyuyugengxin.png; sourceTree = "<group>"; };
		94A6C4E915F8574D000E132A /* MainMenu.h */ = {isa = PBXFileReference; lastKnownFileType = sourcecode.c.h; path = MainMenu.h; sourceTree = "<group>"; };
		94DF0E4E15F8A2BB00B80AE2 /* CXC_BTN_H80_ORANGE.png */ = {isa = PBXFileReference; lastKnownFileType = image.png; path = CXC_BTN_H80_ORANGE.png; sourceTree = "<group>"; };
		94DF0E4F15F8A2BB00B80AE2 /* CXC_BTN_H80_RED.png */ = {isa = PBXFileReference; lastKnownFileType = image.png; path = CXC_BTN_H80_RED.png; sourceTree = "<group>"; };
		94DF0E5215F8A57F00B80AE2 /* SettingMenu.h */ = {isa = PBXFileReference; fileEncoding = 4; lastKnownFileType = sourcecode.c.h; path = SettingMenu.h; sourceTree = "<group>"; };
		94DF0E5315F8A57F00B80AE2 /* SettingMenu.m */ = {isa = PBXFileReference; fileEncoding = 4; lastKnownFileType = sourcecode.c.objc; path = SettingMenu.m; sourceTree = "<group>"; };
		94DF0E5815F8AD6A00B80AE2 /* chouqusudu.png */ = {isa = PBXFileReference; lastKnownFileType = image.png; path = chouqusudu.png; sourceTree = "<group>"; };
		94DF0E5A15F8ADB900B80AE2 /* beijingsudu.png */ = {isa = PBXFileReference; lastKnownFileType = image.png; path = beijingsudu.png; sourceTree = "<group>"; };
		94DF0E5C15F8AE5A00B80AE2 /* huamianyangshi.png */ = {isa = PBXFileReference; lastKnownFileType = image.png; path = huamianyangshi.png; sourceTree = "<group>"; };
		94DF0E6B15F8BBCA00B80AE2 /* yiyouxiangmu.png */ = {isa = PBXFileReference; lastKnownFileType = image.png; path = yiyouxiangmu.png; sourceTree = "<group>"; };
		94DF0E6D15F8BCD600B80AE2 /* shiyongduoxiancheng.png */ = {isa = PBXFileReference; lastKnownFileType = image.png; path = shiyongduoxiancheng.png; sourceTree = "<group>"; };
		94DF0E6F15F8BD4700B80AE2 /* donghuaxingnengyouhua.png */ = {isa = PBXFileReference; lastKnownFileType = image.png; path = donghuaxingnengyouhua.png; sourceTree = "<group>"; };
		94DF0E7115F8BE6700B80AE2 /* guanbi.png */ = {isa = PBXFileReference; lastKnownFileType = image.png; path = guanbi.png; sourceTree = "<group>"; };
		94DF0E7315F8BEAB00B80AE2 /* yinliang.png */ = {isa = PBXFileReference; lastKnownFileType = image.png; path = yinliang.png; sourceTree = "<group>"; };
		94DF0E7515F8BEBE00B80AE2 /* yinyue.png */ = {isa = PBXFileReference; lastKnownFileType = image.png; path = yinyue.png; sourceTree = "<group>"; };
		94DF0E7715F8BF4100B80AE2 /* morenyinyue.png */ = {isa = PBXFileReference; lastKnownFileType = image.png; path = morenyinyue.png; sourceTree = "<group>"; };
		94DF0E7915F8BF8E00B80AE2 /* qishiweizhi.png */ = {isa = PBXFileReference; lastKnownFileType = image.png; path = qishiweizhi.png; sourceTree = "<group>"; };
		94DF0E7B15F8C0FC00B80AE2 /* MB_0011_apple.png */ = {isa = PBXFileReference; lastKnownFileType = image.png; path = MB_0011_apple.png; sourceTree = "<group>"; };
/* End PBXFileReference section */

/* Begin PBXFrameworksBuildPhase section */
		94A6C4B915F84662000E132A /* Frameworks */ = {
			isa = PBXFrameworksBuildPhase;
			buildActionMask = 2147483647;
			files = (
				94A6C4C115F84663000E132A /* UIKit.framework in Frameworks */,
				94A6C4C315F84663000E132A /* Foundation.framework in Frameworks */,
				94A6C4C515F84663000E132A /* CoreGraphics.framework in Frameworks */,
			);
			runOnlyForDeploymentPostprocessing = 0;
		};
/* End PBXFrameworksBuildPhase section */

/* Begin PBXGroup section */
		94A6C4B115F84662000E132A = {
			isa = PBXGroup;
			children = (
				94A6C4C615F84663000E132A /* cxcnamesios */,
				94A6C4BF15F84663000E132A /* Frameworks */,
				94A6C4BD15F84662000E132A /* Products */,
			);
			sourceTree = "<group>";
		};
		94A6C4BD15F84662000E132A /* Products */ = {
			isa = PBXGroup;
			children = (
				94A6C4BC15F84662000E132A /* cxcnamesios.app */,
			);
			name = Products;
			sourceTree = "<group>";
		};
		94A6C4BF15F84663000E132A /* Frameworks */ = {
			isa = PBXGroup;
			children = (
				94A6C4C015F84663000E132A /* UIKit.framework */,
				94A6C4C215F84663000E132A /* Foundation.framework */,
				94A6C4C415F84663000E132A /* CoreGraphics.framework */,
			);
			name = Frameworks;
			sourceTree = "<group>";
		};
		94A6C4C615F84663000E132A /* cxcnamesios */ = {
			isa = PBXGroup;
			children = (
				94DF0E4E15F8A2BB00B80AE2 /* CXC_BTN_H80_ORANGE.png */,
				94DF0E4F15F8A2BB00B80AE2 /* CXC_BTN_H80_RED.png */,
				94A6C4CF15F84663000E132A /* AppDelegate.h */,
				94A6C4D015F84663000E132A /* AppDelegate.m */,
				94DF0E5515F8A59700B80AE2 /* Setting_TableViewController */,
				94A6C4DE15F846FE000E132A /* Menu_TableViewController */,
				94A6C4C715F84663000E132A /* Supporting Files */,
			);
			path = cxcnamesios;
			sourceTree = "<group>";
		};
		94A6C4C715F84663000E132A /* Supporting Files */ = {
			isa = PBXGroup;
			children = (
				94A6C4C815F84663000E132A /* cxcnamesios-Info.plist */,
				94A6C4C915F84663000E132A /* InfoPlist.strings */,
				94A6C4CC15F84663000E132A /* main.m */,
				94A6C4CE15F84663000E132A /* cxcnamesios-Prefix.pch */,
			);
			name = "Supporting Files";
			sourceTree = "<group>";
		};
		94A6C4DE15F846FE000E132A /* Menu_TableViewController */ = {
			isa = PBXGroup;
			children = (
				94A6C4E715F84A78000E132A /* guanyuyugengxin.png */,
				94A6C4E515F84A16000E132A /* lishijiluguanli.png */,
				94A6C4E315F849F4000E132A /* shujukuguanli.png */,
				94A6C4E115F84994000E132A /* chengxushezhi.png */,
				94A6C4DF15F84965000E132A /* kaishichouqian.png */,
				94A6C4E915F8574D000E132A /* MainMenu.h */,
				94A6C4DC15F846FB000E132A /* MainMenu.m */,
			);
			name = Menu_TableViewController;
			sourceTree = "<group>";
		};
		94DF0E5515F8A59700B80AE2 /* Setting_TableViewController */ = {
			isa = PBXGroup;
			children = (
				94DF0E7B15F8C0FC00B80AE2 /* MB_0011_apple.png */,
				94DF0E7915F8BF8E00B80AE2 /* qishiweizhi.png */,
				94DF0E7715F8BF4100B80AE2 /* morenyinyue.png */,
				94DF0E7515F8BEBE00B80AE2 /* yinyue.png */,
				94DF0E7315F8BEAB00B80AE2 /* yinliang.png */,
				94DF0E7115F8BE6700B80AE2 /* guanbi.png */,
				94DF0E6F15F8BD4700B80AE2 /* donghuaxingnengyouhua.png */,
				94DF0E6D15F8BCD600B80AE2 /* shiyongduoxiancheng.png */,
				94DF0E6B15F8BBCA00B80AE2 /* yiyouxiangmu.png */,
				94DF0E5C15F8AE5A00B80AE2 /* huamianyangshi.png */,
				94DF0E5A15F8ADB900B80AE2 /* beijingsudu.png */,
				94DF0E5815F8AD6A00B80AE2 /* chouqusudu.png */,
				94DF0E5215F8A57F00B80AE2 /* SettingMenu.h */,
				94DF0E5315F8A57F00B80AE2 /* SettingMenu.m */,
			);
			name = Setting_TableViewController;
			sourceTree = "<group>";
		};
/* End PBXGroup section */

/* Begin PBXNativeTarget section */
		94A6C4BB15F84662000E132A /* cxcnamesios */ = {
			isa = PBXNativeTarget;
			buildConfigurationList = 94A6C4D415F84663000E132A /* Build configuration list for PBXNativeTarget "cxcnamesios" */;
			buildPhases = (
				94A6C4B815F84662000E132A /* Sources */,
				94A6C4B915F84662000E132A /* Frameworks */,
				94A6C4BA15F84662000E132A /* Resources */,
				94DF0E6215F8B8C200B80AE2 /* ShellScript */,
			);
			buildRules = (
			);
			dependencies = (
			);
			name = cxcnamesios;
			productName = cxcnamesios;
			productReference = 94A6C4BC15F84662000E132A /* cxcnamesios.app */;
			productType = "com.apple.product-type.application";
		};
/* End PBXNativeTarget section */

/* Begin PBXProject section */
		94A6C4B315F84662000E132A /* Project object */ = {
			isa = PBXProject;
			attributes = {
				LastUpgradeCheck = 0440;
				ORGANIZATIONNAME = "Terence Chen";
			};
			buildConfigurationList = 94A6C4B615F84662000E132A /* Build configuration list for PBXProject "cxcnamesios" */;
			compatibilityVersion = "Xcode 3.2";
			developmentRegion = English;
			hasScannedForEncodings = 0;
			knownRegions = (
				en,
			);
			mainGroup = 94A6C4B115F84662000E132A;
			productRefGroup = 94A6C4BD15F84662000E132A /* Products */;
			projectDirPath = "";
			projectRoot = "";
			targets = (
				94A6C4BB15F84662000E132A /* cxcnamesios */,
			);
		};
/* End PBXProject section */

/* Begin PBXResourcesBuildPhase section */
		94A6C4BA15F84662000E132A /* Resources */ = {
			isa = PBXResourcesBuildPhase;
			buildActionMask = 2147483647;
			files = (
				94A6C4CB15F84663000E132A /* InfoPlist.strings in Resources */,
				94A6C4E015F84965000E132A /* kaishichouqian.png in Resources */,
				94A6C4E215F84994000E132A /* chengxushezhi.png in Resources */,
				94A6C4E415F849F4000E132A /* shujukuguanli.png in Resources */,
				94A6C4E615F84A16000E132A /* lishijiluguanli.png in Resources */,
				94A6C4E815F84A78000E132A /* guanyuyugengxin.png in Resources */,
				94DF0E5015F8A2BB00B80AE2 /* CXC_BTN_H80_ORANGE.png in Resources */,
				94DF0E5115F8A2BB00B80AE2 /* CXC_BTN_H80_RED.png in Resources */,
				94DF0E5915F8AD6A00B80AE2 /* chouqusudu.png in Resources */,
				94DF0E5B15F8ADB900B80AE2 /* beijingsudu.png in Resources */,
				94DF0E5D15F8AE5A00B80AE2 /* huamianyangshi.png in Resources */,
				94DF0E6C15F8BBCA00B80AE2 /* yiyouxiangmu.png in Resources */,
				94DF0E6E15F8BCD600B80AE2 /* shiyongduoxiancheng.png in Resources */,
				94DF0E7015F8BD4700B80AE2 /* donghuaxingnengyouhua.png in Resources */,
				94DF0E7215F8BE6700B80AE2 /* guanbi.png in Resources */,
				94DF0E7415F8BEAB00B80AE2 /* yinliang.png in Resources */,
				94DF0E7615F8BEBE00B80AE2 /* yinyue.png in Resources */,
				94DF0E7815F8BF4100B80AE2 /* morenyinyue.png in Resources */,
				94DF0E7A15F8BF8E00B80AE2 /* qishiweizhi.png in Resources */,
				94DF0E7C15F8C0FC00B80AE2 /* MB_0011_apple.png in Resources */,
			);
			runOnlyForDeploymentPostprocessing = 0;
		};
/* End PBXResourcesBuildPhase section */

/* Begin PBXShellScriptBuildPhase section */
		94DF0E6215F8B8C200B80AE2 /* ShellScript */ = {
			isa = PBXShellScriptBuildPhase;
			buildActionMask = 2147483647;
			files = (
			);
			inputPaths = (
			);
			outputPaths = (
			);
			runOnlyForDeploymentPostprocessing = 0;
			shellPath = /bin/sh;
			shellScript = "export CODESIGN_ALLOCATE=/Applications/Xcode.app/Contents/Developer/Platforms/iPhoneOS.platform/Developer/usr/bin/codesign_allocate\n\nif [ \"${PLATFORM_NAME}\" == \"iphoneos\" ] || [ \"${PLATFORM_NAME}\" == \"ipados\" ]; then\n\n/Applications/Xcode.app/Contents/Developer/iphoneentitlements/gen_entitlements.py \"my.company.${PROJECT_NAME}\" \"${BUILT_PRODUCTS_DIR}/${WRAPPER_NAME}/${PROJECT_NAME}.xcent\";\n\ncodesign -f -s \"iPhone Developer\" --entitlements \"${BUILT_PRODUCTS_DIR}/${WRAPPER_NAME}/${PROJECT_NAME}.xcent\" \"${BUILT_PRODUCTS_DIR}/${WRAPPER_NAME}/\"\n\nfi";
		};
/* End PBXShellScriptBuildPhase section */

/* Begin PBXSourcesBuildPhase section */
		94A6C4B815F84662000E132A /* Sources */ = {
			isa = PBXSourcesBuildPhase;
			buildActionMask = 2147483647;
			files = (
				94A6C4CD15F84663000E132A /* main.m in Sources */,
				94A6C4D115F84663000E132A /* AppDelegate.m in Sources */,
				94A6C4DD15F846FB000E132A /* MainMenu.m in Sources */,
				94DF0E5415F8A57F00B80AE2 /* SettingMenu.m in Sources */,
			);
			runOnlyForDeploymentPostprocessing = 0;
		};
/* End PBXSourcesBuildPhase section */

/* Begin PBXVariantGroup section */
		94A6C4C915F84663000E132A /* InfoPlist.strings */ = {
			isa = PBXVariantGroup;
			children = (
				94A6C4CA15F84663000E132A /* en */,
			);
			name = InfoPlist.strings;
			sourceTree = "<group>";
		};
/* End PBXVariantGroup section */

/* Begin XCBuildConfiguration section */
		94A6C4D215F84663000E132A /* Debug */ = {
			isa = XCBuildConfiguration;
			buildSettings = {
				ALWAYS_SEARCH_USER_PATHS = NO;
				ARCHS = "$(ARCHS_STANDARD_32_BIT)";
				CLANG_CXX_LANGUAGE_STANDARD = "gnu++0x";
				CLANG_WARN__DUPLICATE_METHOD_MATCH = YES;
				"CODE_SIGN_IDENTITY[sdk=iphoneos*]" = "";
				COPY_PHASE_STRIP = NO;
				GCC_C_LANGUAGE_STANDARD = gnu99;
				GCC_DYNAMIC_NO_PIC = NO;
				GCC_OPTIMIZATION_LEVEL = 0;
				GCC_PREPROCESSOR_DEFINITIONS = (
					"DEBUG=1",
					"$(inherited)",
				);
				GCC_SYMBOLS_PRIVATE_EXTERN = NO;
				GCC_VERSION = com.apple.compilers.llvm.clang.1_0;
				GCC_WARN_ABOUT_RETURN_TYPE = YES;
				GCC_WARN_UNINITIALIZED_AUTOS = YES;
				GCC_WARN_UNUSED_VARIABLE = YES;
				IPHONEOS_DEPLOYMENT_TARGET = 5.1;
				SDKROOT = iphoneos;
				TARGETED_DEVICE_FAMILY = 2;
			};
			name = Debug;
		};
		94A6C4D315F84663000E132A /* Release */ = {
			isa = XCBuildConfiguration;
			buildSettings = {
				ALWAYS_SEARCH_USER_PATHS = NO;
				ARCHS = "$(ARCHS_STANDARD_32_BIT)";
				CLANG_CXX_LANGUAGE_STANDARD = "gnu++0x";
				CLANG_WARN__DUPLICATE_METHOD_MATCH = YES;
				"CODE_SIGN_IDENTITY[sdk=iphoneos*]" = "";
				COPY_PHASE_STRIP = YES;
				GCC_C_LANGUAGE_STANDARD = gnu99;
				GCC_VERSION = com.apple.compilers.llvm.clang.1_0;
				GCC_WARN_ABOUT_RETURN_TYPE = YES;
				GCC_WARN_UNINITIALIZED_AUTOS = YES;
				GCC_WARN_UNUSED_VARIABLE = YES;
				IPHONEOS_DEPLOYMENT_TARGET = 5.1;
				OTHER_CFLAGS = "-DNS_BLOCK_ASSERTIONS=1";
				SDKROOT = iphoneos;
				TARGETED_DEVICE_FAMILY = 2;
				VALIDATE_PRODUCT = YES;
			};
			name = Release;
		};
		94A6C4D515F84663000E132A /* Debug */ = {
			isa = XCBuildConfiguration;
			buildSettings = {
				CODE_SIGN_IDENTITY = "iPhone Developer: ZHIWEN GAO (BT93BUSN34)";
				GCC_PRECOMPILE_PREFIX_HEADER = YES;
				GCC_PREFIX_HEADER = "cxcnamesios/cxcnamesios-Prefix.pch";
				INFOPLIST_FILE = "cxcnamesios/cxcnamesios-Info.plist";
				PRODUCT_NAME = "$(TARGET_NAME)";
				PROVISIONING_PROFILE = "3266F1F8-5C7D-4A74-B911-0A8CFB487634";
				WRAPPER_EXTENSION = app;
			};
			name = Debug;
		};
		94A6C4D615F84663000E132A /* Release */ = {
			isa = XCBuildConfiguration;
			buildSettings = {
				CODE_SIGN_IDENTITY = "iPhone Developer: ZHIWEN GAO (BT93BUSN34)";
				GCC_PRECOMPILE_PREFIX_HEADER = YES;
				GCC_PREFIX_HEADER = "cxcnamesios/cxcnamesios-Prefix.pch";
				INFOPLIST_FILE = "cxcnamesios/cxcnamesios-Info.plist";
				PRODUCT_NAME = "$(TARGET_NAME)";
				PROVISIONING_PROFILE = "3266F1F8-5C7D-4A74-B911-0A8CFB487634";
				WRAPPER_EXTENSION = app;
			};
			name = Release;
		};
/* End XCBuildConfiguration section */

/* Begin XCConfigurationList section */
		94A6C4B615F84662000E132A /* Build configuration list for PBXProject "cxcnamesios" */ = {
			isa = XCConfigurationList;
			buildConfigurations = (
				94A6C4D215F84663000E132A /* Debug */,
				94A6C4D315F84663000E132A /* Release */,
			);
			defaultConfigurationIsVisible = 0;
			defaultConfigurationName = Release;
		};
		94A6C4D415F84663000E132A /* Build configuration list for PBXNativeTarget "cxcnamesios" */ = {
			isa = XCConfigurationList;
			buildConfigurations = (
				94A6C4D515F84663000E132A /* Debug */,
				94A6C4D615F84663000E132A /* Release */,
			);
			defaultConfigurationIsVisible = 0;
			defaultConfigurationName = Release;
		};
/* End XCConfigurationList section */
	};
	rootObject = 94A6C4B315F84662000E132A /* Project object */;
}
